
Microsoft Visual Studio Solution File, Format Version 12.00
Project("{FAE04EC0-301F-11D3-BF4B-00C04F79EFBC}") = "passStrength", "passStrength\passStrength.csproj", "{F70F14ED-A228-4501-A367-423BF5BCF7AD}"
EndProject
Global
	GlobalSection(SolutionConfigurationPlatforms) = preSolution
		Debug|Any CPU = Debug|Any CPU
		Release|Any CPU = Release|Any CPU
	EndGlobalSection
	GlobalSection(ProjectConfigurationPlatforms) = postSolution
		{F70F14ED-A228-4501-A367-423BF5BCF7AD}.Debug|Any CPU.ActiveCfg = Debug|Any CPU
		{F70F14ED-A228-4501-A367-423BF5BCF7AD}.Debug|Any CPU.Build.0 = Debug|Any CPU
		{F70F14ED-A228-4501-A367-423BF5BCF7AD}.Release|Any CPU.ActiveCfg = Release|Any CPU
		{F70F14ED-A228-4501-A367-423BF5BCF7AD}.Release|Any CPU.Build.0 = Release|Any CPU
	EndGlobalSection
EndGlobal
